
Microsoft Visual Studio Solution File, Format Version 12.00
# Visual Studio Version 17
VisualStudioVersion = 17.7.33808.371
MinimumVisualStudioVersion = 10.0.40219.1
Project("{9A19103F-16F7-4668-BE54-9A1E7A4F7556}") = "Ecommerce.MVC", "Ecommerce.MVC\Ecommerce.MVC.csproj", "{8EF66CF3-D8D0-4B7B-BE61-4FDA8B919DB2}"
EndProject
Project("{FAE04EC0-301F-11D3-BF4B-00C04F79EFBC}") = "Ecommerce.DataAccess", "Ecommerce.DataAccess\Ecommerce.DataAccess.csproj", "{FD09AFF3-5D89-4F45-9FD6-A1BE4CE44DA2}"
EndProject
Project("{FAE04EC0-301F-11D3-BF4B-00C04F79EFBC}") = "Ecommerce.Models", "Ecommerce.Models\Ecommerce.Models.csproj", "{79C489F0-0774-414C-A514-A54D2BF1E73B}"
EndProject
Project("{FAE04EC0-301F-11D3-BF4B-00C04F79EFBC}") = "Ecommerce.Utility", "Ecommerce.Utility\Ecommerce.Utility.csproj", "{C2B6906D-E673-4314-AB4A-2FCCABC2E225}"
EndProject
Global
	GlobalSection(SolutionConfigurationPlatforms) = preSolution
		Debug|Any CPU = Debug|Any CPU
		Release|Any CPU = Release|Any CPU
	EndGlobalSection
	GlobalSection(ProjectConfigurationPlatforms) = postSolution
		{8EF66CF3-D8D0-4B7B-BE61-4FDA8B919DB2}.Debug|Any CPU.ActiveCfg = Debug|Any CPU
		{8EF66CF3-D8D0-4B7B-BE61-4FDA8B919DB2}.Debug|Any CPU.Build.0 = Debug|Any CPU
		{8EF66CF3-D8D0-4B7B-BE61-4FDA8B919DB2}.Release|Any CPU.ActiveCfg = Release|Any CPU
		{8EF66CF3-D8D0-4B7B-BE61-4FDA8B919DB2}.Release|Any CPU.Build.0 = Release|Any CPU
		{FD09AFF3-5D89-4F45-9FD6-A1BE4CE44DA2}.Debug|Any CPU.ActiveCfg = Debug|Any CPU
		{FD09AFF3-5D89-4F45-9FD6-A1BE4CE44DA2}.Debug|Any CPU.Build.0 = Debug|Any CPU
		{FD09AFF3-5D89-4F45-9FD6-A1BE4CE44DA2}.Release|Any CPU.ActiveCfg = Release|Any CPU
		{FD09AFF3-5D89-4F45-9FD6-A1BE4CE44DA2}.Release|Any CPU.Build.0 = Release|Any CPU
		{79C489F0-0774-414C-A514-A54D2BF1E73B}.Debug|Any CPU.ActiveCfg = Debug|Any CPU
		{79C489F0-0774-414C-A514-A54D2BF1E73B}.Debug|Any CPU.Build.0 = Debug|Any CPU
		{79C489F0-0774-414C-A514-A54D2BF1E73B}.Release|Any CPU.ActiveCfg = Release|Any CPU
		{79C489F0-0774-414C-A514-A54D2BF1E73B}.Release|Any CPU.Build.0 = Release|Any CPU
		{C2B6906D-E673-4314-AB4A-2FCCABC2E225}.Debug|Any CPU.ActiveCfg = Debug|Any CPU
		{C2B6906D-E673-4314-AB4A-2FCCABC2E225}.Debug|Any CPU.Build.0 = Debug|Any CPU
		{C2B6906D-E673-4314-AB4A-2FCCABC2E225}.Release|Any CPU.ActiveCfg = Release|Any CPU
		{C2B6906D-E673-4314-AB4A-2FCCABC2E225}.Release|Any CPU.Build.0 = Release|Any CPU
	EndGlobalSection
	GlobalSection(SolutionProperties) = preSolution
		HideSolutionNode = FALSE
	EndGlobalSection
	GlobalSection(ExtensibilityGlobals) = postSolution
		SolutionGuid = {2EFA5896-0C4F-4D41-BCA8-C8D8C5A99DDE}
	EndGlobalSection
EndGlobal
